
Microsoft Visual Studio Solution File, Format Version 12.00
# Visual Studio Version 16
VisualStudioVersion = 16.0.33927.289
MinimumVisualStudioVersion = 10.0.40219.1
Project("{FAE04EC0-301F-11D3-BF4B-00C04F79EFBC}") = "Variabel-Tipe-Data", "Variabel-Tipe-Data\Variabel-Tipe-Data.csproj", "{DBA941CA-37AC-4B55-B818-4E53FB2EB908}"
EndProject
Global
	GlobalSection(SolutionConfigurationPlatforms) = preSolution
		Debug|Any CPU = Debug|Any CPU
		Release|Any CPU = Release|Any CPU
	EndGlobalSection
	GlobalSection(ProjectConfigurationPlatforms) = postSolution
		{DBA941CA-37AC-4B55-B818-4E53FB2EB908}.Debug|Any CPU.ActiveCfg = Debug|Any CPU
		{DBA941CA-37AC-4B55-B818-4E53FB2EB908}.Debug|Any CPU.Build.0 = Debug|Any CPU
		{DBA941CA-37AC-4B55-B818-4E53FB2EB908}.Release|Any CPU.ActiveCfg = Release|Any CPU
		{DBA941CA-37AC-4B55-B818-4E53FB2EB908}.Release|Any CPU.Build.0 = Release|Any CPU
	EndGlobalSection
	GlobalSection(SolutionProperties) = preSolution
		HideSolutionNode = FALSE
	EndGlobalSection
	GlobalSection(ExtensibilityGlobals) = postSolution
		SolutionGuid = {C545D80B-54FB-4B54-B602-57211D217231}
	EndGlobalSection
EndGlobal
