
Microsoft Visual Studio Solution File, Format Version 12.00
# Visual Studio Version 16
VisualStudioVersion = 16.0.33927.289
MinimumVisualStudioVersion = 10.0.40219.1
Project("{FAE04EC0-301F-11D3-BF4B-00C04F79EFBC}") = "program_sederhana_for_array", "program_sederhana_for_array\program_sederhana_for_array.csproj", "{4971215A-0E5E-4AF2-9B58-FB5D6011AA06}"
EndProject
Global
	GlobalSection(SolutionConfigurationPlatforms) = preSolution
		Debug|Any CPU = Debug|Any CPU
		Release|Any CPU = Release|Any CPU
	EndGlobalSection
	GlobalSection(ProjectConfigurationPlatforms) = postSolution
		{4971215A-0E5E-4AF2-9B58-FB5D6011AA06}.Debug|Any CPU.ActiveCfg = Debug|Any CPU
		{4971215A-0E5E-4AF2-9B58-FB5D6011AA06}.Debug|Any CPU.Build.0 = Debug|Any CPU
		{4971215A-0E5E-4AF2-9B58-FB5D6011AA06}.Release|Any CPU.ActiveCfg = Release|Any CPU
		{4971215A-0E5E-4AF2-9B58-FB5D6011AA06}.Release|Any CPU.Build.0 = Release|Any CPU
	EndGlobalSection
	GlobalSection(SolutionProperties) = preSolution
		HideSolutionNode = FALSE
	EndGlobalSection
	GlobalSection(ExtensibilityGlobals) = postSolution
		SolutionGuid = {53A060C5-B04C-4153-AA19-5AA87641CA10}
	EndGlobalSection
EndGlobal
