
Microsoft Visual Studio Solution File, Format Version 12.00
# Visual Studio Version 16
VisualStudioVersion = 16.0.33927.289
MinimumVisualStudioVersion = 10.0.40219.1
Project("{FAE04EC0-301F-11D3-BF4B-00C04F79EFBC}") = "Looping-While-Do-While", "Looping-While-Do-While\Looping-While-Do-While.csproj", "{17B0A901-73BE-44A8-A5B7-F057219FBD6B}"
EndProject
Global
	GlobalSection(SolutionConfigurationPlatforms) = preSolution
		Debug|Any CPU = Debug|Any CPU
		Release|Any CPU = Release|Any CPU
	EndGlobalSection
	GlobalSection(ProjectConfigurationPlatforms) = postSolution
		{17B0A901-73BE-44A8-A5B7-F057219FBD6B}.Debug|Any CPU.ActiveCfg = Debug|Any CPU
		{17B0A901-73BE-44A8-A5B7-F057219FBD6B}.Debug|Any CPU.Build.0 = Debug|Any CPU
		{17B0A901-73BE-44A8-A5B7-F057219FBD6B}.Release|Any CPU.ActiveCfg = Release|Any CPU
		{17B0A901-73BE-44A8-A5B7-F057219FBD6B}.Release|Any CPU.Build.0 = Release|Any CPU
	EndGlobalSection
	GlobalSection(SolutionProperties) = preSolution
		HideSolutionNode = FALSE
	EndGlobalSection
	GlobalSection(ExtensibilityGlobals) = postSolution
		SolutionGuid = {D1F1C220-7663-4019-8E1A-CD9E1E4B15BA}
	EndGlobalSection
EndGlobal
